PODS:
  - documents_picker (0.0.1):
    - Flutter
  - Flutter (1.0.0)

DEPENDENCIES:
  - documents_picker (from `.symlinks/plugins/documents_picker/ios`)
  - Flutter (from `.symlinks/flutter/ios`)

EXTERNAL SOURCES:
  documents_picker:
    :path: ".symlinks/plugins/documents_picker/ios"
  Flutter:
    :path: ".symlinks/flutter/ios"

SPEC CHECKSUMS:
  documents_picker: 80ffc9fe961c1d76e9c84b7d4574d11c226b4b27
  Flutter: 9d0fac939486c9aba2809b7982dfdbb47a7b0296

PODFILE CHECKSUM: 1e5af4103afd21ca5ead147d7b81d06f494f51a2

COCOAPODS: 1.5.2
